
Microsoft Visual Studio Solution File, Format Version 12.00
# Visual Studio Version 16
VisualStudioVersion = 16.0.31112.23
MinimumVisualStudioVersion = 10.0.40219.1
Project("{FAE04EC0-301F-11D3-BF4B-00C04F79EFBC}") = "senai.inlock.webApi.", "..\senai.inlock.webApi\senai.inlock.webApi\senai.inlock.webApi..csproj", "{A2CDB18B-48D1-4E9B-ADEF-5BADC33C1EE2}"
EndProject
Global
	GlobalSection(SolutionConfigurationPlatforms) = preSolution
		Debug|Any CPU = Debug|Any CPU
		Release|Any CPU = Release|Any CPU
	EndGlobalSection
	GlobalSection(ProjectConfigurationPlatforms) = postSolution
		{A2CDB18B-48D1-4E9B-ADEF-5BADC33C1EE2}.Debug|Any CPU.ActiveCfg = Debug|Any CPU
		{A2CDB18B-48D1-4E9B-ADEF-5BADC33C1EE2}.Debug|Any CPU.Build.0 = Debug|Any CPU
		{A2CDB18B-48D1-4E9B-ADEF-5BADC33C1EE2}.Release|Any CPU.ActiveCfg = Release|Any CPU
		{A2CDB18B-48D1-4E9B-ADEF-5BADC33C1EE2}.Release|Any CPU.Build.0 = Release|Any CPU
	EndGlobalSection
	GlobalSection(SolutionProperties) = preSolution
		HideSolutionNode = FALSE
	EndGlobalSection
	GlobalSection(ExtensibilityGlobals) = postSolution
		SolutionGuid = {531FD86E-BAE9-42C8-99A8-E7075E9C4DCC}
	EndGlobalSection
EndGlobal
